// !$*UTF8*$!
{
	archiveVersion = 1;
	classes = {
	};
	objectVersion = 50;
	objects = {

/* Begin PBXBuildFile section */
		4D02FB4426C2E31C0015D68F /* Stash.xcdatamodeld in Sources */ = {isa = PBXBuildFile; fileRef = 4D02FB4226C2E31C0015D68F /* Stash.xcdatamodeld */; };
		4D02FB4F26C2E5CD0015D68F /* PersistenceController.swift in Sources */ = {isa = PBXBuildFile; fileRef = 4D02FB4E26C2E5CD0015D68F /* PersistenceController.swift */; };
		4D190E4326C8128F007627D0 /* EditGroup.swift in Sources */ = {isa = PBXBuildFile; fileRef = 4D190E4226C8128F007627D0 /* EditGroup.swift */; };
		4DB340FA26C1BA530020502A /* Genaral_Data_TrackerApp.swift in Sources */ = {isa = PBXBuildFile; fileRef = 4DB340F926C1BA530020502A /* Genaral_Data_TrackerApp.swift */; };
		4DB340FC26C1BA530020502A /* ContentView.swift in Sources */ = {isa = PBXBuildFile; fileRef = 4DB340FB26C1BA530020502A /* ContentView.swift */; };
		4DB340FE26C1BA540020502A /* Assets.xcassets in Resources */ = {isa = PBXBuildFile; fileRef = 4DB340FD26C1BA540020502A /* Assets.xcassets */; };
		4DB3410126C1BA540020502A /* Preview Assets.xcassets in Resources */ = {isa = PBXBuildFile; fileRef = 4DB3410026C1BA540020502A /* Preview Assets.xcassets */; };
		4DB3410926C1BAF90020502A /* DrawTemplates.swift in Sources */ = {isa = PBXBuildFile; fileRef = 4DB3410826C1BAF90020502A /* DrawTemplates.swift */; };
		4DB3410B26C1BB3C0020502A /* EditOptions.swift in Sources */ = {isa = PBXBuildFile; fileRef = 4DB3410A26C1BB3C0020502A /* EditOptions.swift */; };
		4DB3410D26C1BB670020502A /* EntrieMaker.swift in Sources */ = {isa = PBXBuildFile; fileRef = 4DB3410C26C1BB670020502A /* EntrieMaker.swift */; };
		4DB3410F26C1BB960020502A /* MainViewControls.swift in Sources */ = {isa = PBXBuildFile; fileRef = 4DB3410E26C1BB960020502A /* MainViewControls.swift */; };
		4DB3411126C1BBB50020502A /* PercentageSize.swift in Sources */ = {isa = PBXBuildFile; fileRef = 4DB3411026C1BBB50020502A /* PercentageSize.swift */; };
		4DB3411326C1BBC90020502A /* Search.swift in Sources */ = {isa = PBXBuildFile; fileRef = 4DB3411226C1BBC90020502A /* Search.swift */; };
		4DB3411526C1BCD20020502A /* AddAtDate.swift in Sources */ = {isa = PBXBuildFile; fileRef = 4DB3411426C1BCD20020502A /* AddAtDate.swift */; };
		4DB3411726C1BCEF0020502A /* BarGraph.swift in Sources */ = {isa = PBXBuildFile; fileRef = 4DB3411626C1BCEF0020502A /* BarGraph.swift */; };
		4DB3411926C1BD350020502A /* DrawAchivments.swift in Sources */ = {isa = PBXBuildFile; fileRef = 4DB3411826C1BD350020502A /* DrawAchivments.swift */; };
		4DB3411B26C1BD580020502A /* GraphDataProvider.swift in Sources */ = {isa = PBXBuildFile; fileRef = 4DB3411A26C1BD580020502A /* GraphDataProvider.swift */; };
		4DB3411D26C1BD670020502A /* LineGraph.swift in Sources */ = {isa = PBXBuildFile; fileRef = 4DB3411C26C1BD670020502A /* LineGraph.swift */; };
		4DB3411F26C1BD970020502A /* MoreAchivments.swift in Sources */ = {isa = PBXBuildFile; fileRef = 4DB3411E26C1BD970020502A /* MoreAchivments.swift */; };
		4DB3412126C1BDB30020502A /* SeeGroups.swift in Sources */ = {isa = PBXBuildFile; fileRef = 4DB3412026C1BDB30020502A /* SeeGroups.swift */; };
		4DB3412326C1BDD80020502A /* ShowHistory.swift in Sources */ = {isa = PBXBuildFile; fileRef = 4DB3412226C1BDD80020502A /* ShowHistory.swift */; };
		4DC7E7BF26C4537C00F87C22 /* TemplateStore+CoreDataClass.swift in Sources */ = {isa = PBXBuildFile; fileRef = 4DC7E7BB26C4537C00F87C22 /* TemplateStore+CoreDataClass.swift */; };
		4DC7E7C026C4537C00F87C22 /* TemplateStore+CoreDataProperties.swift in Sources */ = {isa = PBXBuildFile; fileRef = 4DC7E7BC26C4537C00F87C22 /* TemplateStore+CoreDataProperties.swift */; };
		4DC7E7C126C4537C00F87C22 /* EntityStore+CoreDataClass.swift in Sources */ = {isa = PBXBuildFile; fileRef = 4DC7E7BD26C4537C00F87C22 /* EntityStore+CoreDataClass.swift */; };
		4DC7E7C226C4537C00F87C22 /* EntityStore+CoreDataProperties.swift in Sources */ = {isa = PBXBuildFile; fileRef = 4DC7E7BE26C4537C00F87C22 /* EntityStore+CoreDataProperties.swift */; };
/* End PBXBuildFile section */

/* Begin PBXFileReference section */
		4D02FB4326C2E31C0015D68F /* Stash.xcdatamodel */ = {isa = PBXFileReference; lastKnownFileType = wrapper.xcdatamodel; path = Stash.xcdatamodel; sourceTree = "<group>"; };
		4D02FB4E26C2E5CD0015D68F /* PersistenceController.swift */ = {isa = PBXFileReference; lastKnownFileType = sourcecode.swift; path = PersistenceController.swift; sourceTree = "<group>"; };
		4D190E4226C8128F007627D0 /* EditGroup.swift */ = {isa = PBXFileReference; lastKnownFileType = sourcecode.swift; path = EditGroup.swift; sourceTree = "<group>"; };
		4DB340F626C1BA530020502A /* Genaral Data Tracker.app */ = {isa = PBXFileReference; explicitFileType = wrapper.application; includeInIndex = 0; path = "Genaral Data Tracker.app"; sourceTree = BUILT_PRODUCTS_DIR; };
		4DB340F926C1BA530020502A /* Genaral_Data_TrackerApp.swift */ = {isa = PBXFileReference; lastKnownFileType = sourcecode.swift; path = Genaral_Data_TrackerApp.swift; sourceTree = "<group>"; };
		4DB340FB26C1BA530020502A /* ContentView.swift */ = {isa = PBXFileReference; lastKnownFileType = sourcecode.swift; path = ContentView.swift; sourceTree = "<group>"; };
		4DB340FD26C1BA540020502A /* Assets.xcassets */ = {isa = PBXFileReference; lastKnownFileType = folder.assetcatalog; path = Assets.xcassets; sourceTree = "<group>"; };
		4DB3410026C1BA540020502A /* Preview Assets.xcassets */ = {isa = PBXFileReference; lastKnownFileType = folder.assetcatalog; path = "Preview Assets.xcassets"; sourceTree = "<group>"; };
		4DB3410226C1BA540020502A /* Info.plist */ = {isa = PBXFileReference; lastKnownFileType = text.plist.xml; path = Info.plist; sourceTree = "<group>"; };
		4DB3410826C1BAF90020502A /* DrawTemplates.swift */ = {isa = PBXFileReference; lastKnownFileType = sourcecode.swift; path = DrawTemplates.swift; sourceTree = "<group>"; };
		4DB3410A26C1BB3C0020502A /* EditOptions.swift */ = {isa = PBXFileReference; lastKnownFileType = sourcecode.swift; path = EditOptions.swift; sourceTree = "<group>"; };
		4DB3410C26C1BB670020502A /* EntrieMaker.swift */ = {isa = PBXFileReference; lastKnownFileType = sourcecode.swift; path = EntrieMaker.swift; sourceTree = "<group>"; };
		4DB3410E26C1BB960020502A /* MainViewControls.swift */ = {isa = PBXFileReference; lastKnownFileType = sourcecode.swift; path = MainViewControls.swift; sourceTree = "<group>"; };
		4DB3411026C1BBB50020502A /* PercentageSize.swift */ = {isa = PBXFileReference; lastKnownFileType = sourcecode.swift; path = PercentageSize.swift; sourceTree = "<group>"; };
		4DB3411226C1BBC90020502A /* Search.swift */ = {isa = PBXFileReference; lastKnownFileType = sourcecode.swift; path = Search.swift; sourceTree = "<group>"; };
		4DB3411426C1BCD20020502A /* AddAtDate.swift */ = {isa = PBXFileReference; lastKnownFileType = sourcecode.swift; path = AddAtDate.swift; sourceTree = "<group>"; };
		4DB3411626C1BCEF0020502A /* BarGraph.swift */ = {isa = PBXFileReference; lastKnownFileType = sourcecode.swift; path = BarGraph.swift; sourceTree = "<group>"; };
		4DB3411826C1BD350020502A /* DrawAchivments.swift */ = {isa = PBXFileReference; lastKnownFileType = sourcecode.swift; path = DrawAchivments.swift; sourceTree = "<group>"; };
		4DB3411A26C1BD580020502A /* GraphDataProvider.swift */ = {isa = PBXFileReference; lastKnownFileType = sourcecode.swift; path = GraphDataProvider.swift; sourceTree = "<group>"; };
		4DB3411C26C1BD670020502A /* LineGraph.swift */ = {isa = PBXFileReference; lastKnownFileType = sourcecode.swift; path = LineGraph.swift; sourceTree = "<group>"; };
		4DB3411E26C1BD970020502A /* MoreAchivments.swift */ = {isa = PBXFileReference; lastKnownFileType = sourcecode.swift; path = MoreAchivments.swift; sourceTree = "<group>"; };
		4DB3412026C1BDB30020502A /* SeeGroups.swift */ = {isa = PBXFileReference; lastKnownFileType = sourcecode.swift; path = SeeGroups.swift; sourceTree = "<group>"; };
		4DB3412226C1BDD80020502A /* ShowHistory.swift */ = {isa = PBXFileReference; lastKnownFileType = sourcecode.swift; path = ShowHistory.swift; sourceTree = "<group>"; };
		4DC7E7BB26C4537C00F87C22 /* TemplateStore+CoreDataClass.swift */ = {isa = PBXFileReference; lastKnownFileType = sourcecode.swift; path = "TemplateStore+CoreDataClass.swift"; sourceTree = "<group>"; };
		4DC7E7BC26C4537C00F87C22 /* TemplateStore+CoreDataProperties.swift */ = {isa = PBXFileReference; lastKnownFileType = sourcecode.swift; path = "TemplateStore+CoreDataProperties.swift"; sourceTree = "<group>"; };
		4DC7E7BD26C4537C00F87C22 /* EntityStore+CoreDataClass.swift */ = {isa = PBXFileReference; lastKnownFileType = sourcecode.swift; path = "EntityStore+CoreDataClass.swift"; sourceTree = "<group>"; };
		4DC7E7BE26C4537C00F87C22 /* EntityStore+CoreDataProperties.swift */ = {isa = PBXFileReference; lastKnownFileType = sourcecode.swift; path = "EntityStore+CoreDataProperties.swift"; sourceTree = "<group>"; };
/* End PBXFileReference section */

/* Begin PBXFrameworksBuildPhase section */
		4DB340F326C1BA530020502A /* Frameworks */ = {
			isa = PBXFrameworksBuildPhase;
			buildActionMask = 2147483647;
			files = (
			);
			runOnlyForDeploymentPostprocessing = 0;
		};
/* End PBXFrameworksBuildPhase section */

/* Begin PBXGroup section */
		4DB340ED26C1BA530020502A = {
			isa = PBXGroup;
			children = (
				4DFDAAC526C55C6500FBF574 /* CoreDataClasses */,
				4DB340F826C1BA530020502A /* Genaral Data Tracker */,
				4DB340F726C1BA530020502A /* Products */,
			);
			sourceTree = "<group>";
		};
		4DB340F726C1BA530020502A /* Products */ = {
			isa = PBXGroup;
			children = (
				4DB340F626C1BA530020502A /* Genaral Data Tracker.app */,
			);
			name = Products;
			sourceTree = "<group>";
		};
		4DB340F826C1BA530020502A /* Genaral Data Tracker */ = {
			isa = PBXGroup;
			children = (
				4D02FB4226C2E31C0015D68F /* Stash.xcdatamodeld */,
				4DB340F926C1BA530020502A /* Genaral_Data_TrackerApp.swift */,
				4DB340FB26C1BA530020502A /* ContentView.swift */,
				4DB3411426C1BCD20020502A /* AddAtDate.swift */,
				4DB3411626C1BCEF0020502A /* BarGraph.swift */,
				4DB340FD26C1BA540020502A /* Assets.xcassets */,
				4DB3410226C1BA540020502A /* Info.plist */,
				4DB340FF26C1BA540020502A /* Preview Content */,
				4DB3410826C1BAF90020502A /* DrawTemplates.swift */,
				4DB3410A26C1BB3C0020502A /* EditOptions.swift */,
				4DB3410C26C1BB670020502A /* EntrieMaker.swift */,
				4DB3410E26C1BB960020502A /* MainViewControls.swift */,
				4DB3411026C1BBB50020502A /* PercentageSize.swift */,
				4DB3411826C1BD350020502A /* DrawAchivments.swift */,
				4DB3411A26C1BD580020502A /* GraphDataProvider.swift */,
				4DB3411C26C1BD670020502A /* LineGraph.swift */,
				4DB3411E26C1BD970020502A /* MoreAchivments.swift */,
				4DB3412026C1BDB30020502A /* SeeGroups.swift */,
				4DB3412226C1BDD80020502A /* ShowHistory.swift */,
				4DB3411226C1BBC90020502A /* Search.swift */,
				4D02FB4E26C2E5CD0015D68F /* PersistenceController.swift */,
				4D190E4226C8128F007627D0 /* EditGroup.swift */,
			);
			path = "Genaral Data Tracker";
			sourceTree = "<group>";
		};
		4DB340FF26C1BA540020502A /* Preview Content */ = {
			isa = PBXGroup;
			children = (
				4DB3410026C1BA540020502A /* Preview Assets.xcassets */,
			);
			path = "Preview Content";
			sourceTree = "<group>";
		};
		4DFDAAC526C55C6500FBF574 /* CoreDataClasses */ = {
			isa = PBXGroup;
			children = (
				4DC7E7BB26C4537C00F87C22 /* TemplateStore+CoreDataClass.swift */,
				4DC7E7BC26C4537C00F87C22 /* TemplateStore+CoreDataProperties.swift */,
				4DC7E7BD26C4537C00F87C22 /* EntityStore+CoreDataClass.swift */,
				4DC7E7BE26C4537C00F87C22 /* EntityStore+CoreDataProperties.swift */,
			);
			path = CoreDataClasses;
			sourceTree = "<group>";
		};
/* End PBXGroup section */

/* Begin PBXNativeTarget section */
		4DB340F526C1BA530020502A /* Genaral Data Tracker */ = {
			isa = PBXNativeTarget;
			buildConfigurationList = 4DB3410526C1BA540020502A /* Build configuration list for PBXNativeTarget "Genaral Data Tracker" */;
			buildPhases = (
				4DB340F226C1BA530020502A /* Sources */,
				4DB340F326C1BA530020502A /* Frameworks */,
				4DB340F426C1BA530020502A /* Resources */,
			);
			buildRules = (
			);
			dependencies = (
			);
			name = "Genaral Data Tracker";
			productName = "Genaral Data Tracker";
			productReference = 4DB340F626C1BA530020502A /* Genaral Data Tracker.app */;
			productType = "com.apple.product-type.application";
		};
/* End PBXNativeTarget section */

/* Begin PBXProject section */
		4DB340EE26C1BA530020502A /* Project object */ = {
			isa = PBXProject;
			attributes = {
				LastSwiftUpdateCheck = 1250;
				LastUpgradeCheck = 1250;
				TargetAttributes = {
					4DB340F526C1BA530020502A = {
						CreatedOnToolsVersion = 12.5.1;
					};
				};
			};
			buildConfigurationList = 4DB340F126C1BA530020502A /* Build configuration list for PBXProject "Genaral Data Tracker" */;
			compatibilityVersion = "Xcode 9.3";
			developmentRegion = en;
			hasScannedForEncodings = 0;
			knownRegions = (
				en,
				Base,
			);
			mainGroup = 4DB340ED26C1BA530020502A;
			productRefGroup = 4DB340F726C1BA530020502A /* Products */;
			projectDirPath = "";
			projectRoot = "";
			targets = (
				4DB340F526C1BA530020502A /* Genaral Data Tracker */,
			);
		};
/* End PBXProject section */

/* Begin PBXResourcesBuildPhase section */
		4DB340F426C1BA530020502A /* Resources */ = {
			isa = PBXResourcesBuildPhase;
			buildActionMask = 2147483647;
			files = (
				4DB3410126C1BA540020502A /* Preview Assets.xcassets in Resources */,
				4DB340FE26C1BA540020502A /* Assets.xcassets in Resources */,
			);
			runOnlyForDeploymentPostprocessing = 0;
		};
/* End PBXResourcesBuildPhase section */

/* Begin PBXSourcesBuildPhase section */
		4DB340F226C1BA530020502A /* Sources */ = {
			isa = PBXSourcesBuildPhase;
			buildActionMask = 2147483647;
			files = (
				4DC7E7C226C4537C00F87C22 /* EntityStore+CoreDataProperties.swift in Sources */,
				4DC7E7C126C4537C00F87C22 /* EntityStore+CoreDataClass.swift in Sources */,
				4DB3411F26C1BD970020502A /* MoreAchivments.swift in Sources */,
				4D02FB4426C2E31C0015D68F /* Stash.xcdatamodeld in Sources */,
				4DB3411926C1BD350020502A /* DrawAchivments.swift in Sources */,
				4DB3411726C1BCEF0020502A /* BarGraph.swift in Sources */,
				4DC7E7BF26C4537C00F87C22 /* TemplateStore+CoreDataClass.swift in Sources */,
				4DB3411526C1BCD20020502A /* AddAtDate.swift in Sources */,
				4DB3410926C1BAF90020502A /* DrawTemplates.swift in Sources */,
				4DB3410F26C1BB960020502A /* MainViewControls.swift in Sources */,
				4DB3411326C1BBC90020502A /* Search.swift in Sources */,
				4DC7E7C026C4537C00F87C22 /* TemplateStore+CoreDataProperties.swift in Sources */,
				4D190E4326C8128F007627D0 /* EditGroup.swift in Sources */,
				4DB340FC26C1BA530020502A /* ContentView.swift in Sources */,
				4DB3411D26C1BD670020502A /* LineGraph.swift in Sources */,
				4DB3411126C1BBB50020502A /* PercentageSize.swift in Sources */,
				4DB3410B26C1BB3C0020502A /* EditOptions.swift in Sources */,
				4D02FB4F26C2E5CD0015D68F /* PersistenceController.swift in Sources */,
				4DB3411B26C1BD580020502A /* GraphDataProvider.swift in Sources */,
				4DB3412126C1BDB30020502A /* SeeGroups.swift in Sources */,
				4DB340FA26C1BA530020502A /* Genaral_Data_TrackerApp.swift in Sources */,
				4DB3410D26C1BB670020502A /* EntrieMaker.swift in Sources */,
				4DB3412326C1BDD80020502A /* ShowHistory.swift in Sources */,
			);
			runOnlyForDeploymentPostprocessing = 0;
		};
/* End PBXSourcesBuildPhase section */

/* Begin XCBuildConfiguration section */
		4DB3410326C1BA540020502A /* Debug */ = {
			isa = XCBuildConfiguration;
			buildSettings = {
				ALWAYS_SEARCH_USER_PATHS = NO;
				CLANG_ANALYZER_NONNULL = YES;
				CLANG_ANALYZER_NUMBER_OBJECT_CONVERSION = YES_AGGRESSIVE;
				CLANG_CXX_LANGUAGE_STANDARD = "gnu++14";
				CLANG_CXX_LIBRARY = "libc++";
				CLANG_ENABLE_MODULES = YES;
				CLANG_ENABLE_OBJC_ARC = YES;
				CLANG_ENABLE_OBJC_WEAK = YES;
				CLANG_WARN_BLOCK_CAPTURE_AUTORELEASING = YES;
				CLANG_WARN_BOOL_CONVERSION = YES;
				CLANG_WARN_COMMA = YES;
				CLANG_WARN_CONSTANT_CONVERSION = YES;
				CLANG_WARN_DEPRECATED_OBJC_IMPLEMENTATIONS = YES;
				CLANG_WARN_DIRECT_OBJC_ISA_USAGE = YES_ERROR;
				CLANG_WARN_DOCUMENTATION_COMMENTS = YES;
				CLANG_WARN_EMPTY_BODY = YES;
				CLANG_WARN_ENUM_CONVERSION = YES;
				CLANG_WARN_INFINITE_RECURSION = YES;
				CLANG_WARN_INT_CONVERSION = YES;
				CLANG_WARN_NON_LITERAL_NULL_CONVERSION = YES;
				CLANG_WARN_OBJC_IMPLICIT_RETAIN_SELF = YES;
				CLANG_WARN_OBJC_LITERAL_CONVERSION = YES;
				CLANG_WARN_OBJC_ROOT_CLASS = YES_ERROR;
				CLANG_WARN_QUOTED_INCLUDE_IN_FRAMEWORK_HEADER = YES;
				CLANG_WARN_RANGE_LOOP_ANALYSIS = YES;
				CLANG_WARN_STRICT_PROTOTYPES = YES;
				CLANG_WARN_SUSPICIOUS_MOVE = YES;
				CLANG_WARN_UNGUARDED_AVAILABILITY = YES_AGGRESSIVE;
				CLANG_WARN_UNREACHABLE_CODE = YES;
				CLANG_WARN__DUPLICATE_METHOD_MATCH = YES;
				COPY_PHASE_STRIP = NO;
				DEBUG_INFORMATION_FORMAT = dwarf;
				ENABLE_STRICT_OBJC_MSGSEND = YES;
				ENABLE_TESTABILITY = YES;
				GCC_C_LANGUAGE_STANDARD = gnu11;
				GCC_DYNAMIC_NO_PIC = NO;
				GCC_NO_COMMON_BLOCKS = YES;
				GCC_OPTIMIZATION_LEVEL = 0;
				GCC_PREPROCESSOR_DEFINITIONS = (
					"DEBUG=1",
					"$(inherited)",
				);
				GCC_WARN_64_TO_32_BIT_CONVERSION = YES;
				GCC_WARN_ABOUT_RETURN_TYPE = YES_ERROR;
				GCC_WARN_UNDECLARED_SELECTOR = YES;
				GCC_WARN_UNINITIALIZED_AUTOS = YES_AGGRESSIVE;
				GCC_WARN_UNUSED_FUNCTION = YES;
				GCC_WARN_UNUSED_VARIABLE = YES;
				IPHONEOS_DEPLOYMENT_TARGET = 14.5;
				MTL_ENABLE_DEBUG_INFO = INCLUDE_SOURCE;
				MTL_FAST_MATH = YES;
				ONLY_ACTIVE_ARCH = YES;
				SDKROOT = iphoneos;
				SWIFT_ACTIVE_COMPILATION_CONDITIONS = DEBUG;
				SWIFT_OPTIMIZATION_LEVEL = "-Onone";
			};
			name = Debug;
		};
		4DB3410426C1BA540020502A /* Release */ = {
			isa = XCBuildConfiguration;
			buildSettings = {
				ALWAYS_SEARCH_USER_PATHS = NO;
				CLANG_ANALYZER_NONNULL = YES;
				CLANG_ANALYZER_NUMBER_OBJECT_CONVERSION = YES_AGGRESSIVE;
				CLANG_CXX_LANGUAGE_STANDARD = "gnu++14";
				CLANG_CXX_LIBRARY = "libc++";
				CLANG_ENABLE_MODULES = YES;
				CLANG_ENABLE_OBJC_ARC = YES;
				CLANG_ENABLE_OBJC_WEAK = YES;
				CLANG_WARN_BLOCK_CAPTURE_AUTORELEASING = YES;
				CLANG_WARN_BOOL_CONVERSION = YES;
				CLANG_WARN_COMMA = YES;
				CLANG_WARN_CONSTANT_CONVERSION = YES;
				CLANG_WARN_DEPRECATED_OBJC_IMPLEMENTATIONS = YES;
				CLANG_WARN_DIRECT_OBJC_ISA_USAGE = YES_ERROR;
				CLANG_WARN_DOCUMENTATION_COMMENTS = YES;
				CLANG_WARN_EMPTY_BODY = YES;
				CLANG_WARN_ENUM_CONVERSION = YES;
				CLANG_WARN_INFINITE_RECURSION = YES;
				CLANG_WARN_INT_CONVERSION = YES;
				CLANG_WARN_NON_LITERAL_NULL_CONVERSION = YES;
				CLANG_WARN_OBJC_IMPLICIT_RETAIN_SELF = YES;
				CLANG_WARN_OBJC_LITERAL_CONVERSION = YES;
				CLANG_WARN_OBJC_ROOT_CLASS = YES_ERROR;
				CLANG_WARN_QUOTED_INCLUDE_IN_FRAMEWORK_HEADER = YES;
				CLANG_WARN_RANGE_LOOP_ANALYSIS = YES;
				CLANG_WARN_STRICT_PROTOTYPES = YES;
				CLANG_WARN_SUSPICIOUS_MOVE = YES;
				CLANG_WARN_UNGUARDED_AVAILABILITY = YES_AGGRESSIVE;
				CLANG_WARN_UNREACHABLE_CODE = YES;
				CLANG_WARN__DUPLICATE_METHOD_MATCH = YES;
				COPY_PHASE_STRIP = NO;
				DEBUG_INFORMATION_FORMAT = "dwarf-with-dsym";
				ENABLE_NS_ASSERTIONS = NO;
				ENABLE_STRICT_OBJC_MSGSEND = YES;
				GCC_C_LANGUAGE_STANDARD = gnu11;
				GCC_NO_COMMON_BLOCKS = YES;
				GCC_WARN_64_TO_32_BIT_CONVERSION = YES;
				GCC_WARN_ABOUT_RETURN_TYPE = YES_ERROR;
				GCC_WARN_UNDECLARED_SELECTOR = YES;
				GCC_WARN_UNINITIALIZED_AUTOS = YES_AGGRESSIVE;
				GCC_WARN_UNUSED_FUNCTION = YES;
				GCC_WARN_UNUSED_VARIABLE = YES;
				IPHONEOS_DEPLOYMENT_TARGET = 14.5;
				MTL_ENABLE_DEBUG_INFO = NO;
				MTL_FAST_MATH = YES;
				SDKROOT = iphoneos;
				SWIFT_COMPILATION_MODE = wholemodule;
				SWIFT_OPTIMIZATION_LEVEL = "-O";
				VALIDATE_PRODUCT = YES;
			};
			name = Release;
		};
		4DB3410626C1BA540020502A /* Debug */ = {
			isa = XCBuildConfiguration;
			buildSettings = {
				ASSETCATALOG_COMPILER_APPICON_NAME = AppIcon;
				ASSETCATALOG_COMPILER_GLOBAL_ACCENT_COLOR_NAME = AccentColor;
				CODE_SIGN_STYLE = Automatic;
				DEVELOPMENT_ASSET_PATHS = "\"Genaral Data Tracker/Preview Content\"";
				DEVELOPMENT_TEAM = SHWH6K7UNT;
				ENABLE_PREVIEWS = YES;
				INFOPLIST_FILE = "Genaral Data Tracker/Info.plist";
				IPHONEOS_DEPLOYMENT_TARGET = 14.0;
				LD_RUNPATH_SEARCH_PATHS = (
					"$(inherited)",
					"@executable_path/Frameworks",
				);
				PRODUCT_BUNDLE_IDENTIFIER = "de.manuelkuempel.Genaral-Data-Tracker";
				PRODUCT_NAME = "$(TARGET_NAME)";
				SWIFT_VERSION = 5.0;
				TARGETED_DEVICE_FAMILY = 1;
			};
			name = Debug;
		};
		4DB3410726C1BA540020502A /* Release */ = {
			isa = XCBuildConfiguration;
			buildSettings = {
				ASSETCATALOG_COMPILER_APPICON_NAME = AppIcon;
				ASSETCATALOG_COMPILER_GLOBAL_ACCENT_COLOR_NAME = AccentColor;
				CODE_SIGN_STYLE = Automatic;
				DEVELOPMENT_ASSET_PATHS = "\"Genaral Data Tracker/Preview Content\"";
				DEVELOPMENT_TEAM = SHWH6K7UNT;
				ENABLE_PREVIEWS = YES;
				INFOPLIST_FILE = "Genaral Data Tracker/Info.plist";
				IPHONEOS_DEPLOYMENT_TARGET = 14.0;
				LD_RUNPATH_SEARCH_PATHS = (
					"$(inherited)",
					"@executable_path/Frameworks",
				);
				PRODUCT_BUNDLE_IDENTIFIER = "de.manuelkuempel.Genaral-Data-Tracker";
				PRODUCT_NAME = "$(TARGET_NAME)";
				SWIFT_VERSION = 5.0;
				TARGETED_DEVICE_FAMILY = 1;
			};
			name = Release;
		};
/* End XCBuildConfiguration section */

/* Begin XCConfigurationList section */
		4DB340F126C1BA530020502A /* Build configuration list for PBXProject "Genaral Data Tracker" */ = {
			isa = XCConfigurationList;
			buildConfigurations = (
				4DB3410326C1BA540020502A /* Debug */,
				4DB3410426C1BA540020502A /* Release */,
			);
			defaultConfigurationIsVisible = 0;
			defaultConfigurationName = Release;
		};
		4DB3410526C1BA540020502A /* Build configuration list for PBXNativeTarget "Genaral Data Tracker" */ = {
			isa = XCConfigurationList;
			buildConfigurations = (
				4DB3410626C1BA540020502A /* Debug */,
				4DB3410726C1BA540020502A /* Release */,
			);
			defaultConfigurationIsVisible = 0;
			defaultConfigurationName = Release;
		};
/* End XCConfigurationList section */

/* Begin XCVersionGroup section */
		4D02FB4226C2E31C0015D68F /* Stash.xcdatamodeld */ = {
			isa = XCVersionGroup;
			children = (
				4D02FB4326C2E31C0015D68F /* Stash.xcdatamodel */,
			);
			currentVersion = 4D02FB4326C2E31C0015D68F /* Stash.xcdatamodel */;
			path = Stash.xcdatamodeld;
			sourceTree = "<group>";
			versionGroupType = wrapper.xcdatamodel;
		};
/* End XCVersionGroup section */
	};
	rootObject = 4DB340EE26C1BA530020502A /* Project object */;
}
